
Microsoft Visual Studio Solution File, Format Version 12.00
# Visual Studio Version 16
VisualStudioVersion = 16.0.29728.190
MinimumVisualStudioVersion = 10.0.40219.1
Project("{FAE04EC0-301F-11D3-BF4B-00C04F79EFBC}") = "POO_WF1", "POO_WF1\POO_WF1.csproj", "{813755D1-396D-445E-8D3D-115C1CFE99CF}"
EndProject
Global
	GlobalSection(SolutionConfigurationPlatforms) = preSolution
		Debug|Any CPU = Debug|Any CPU
		Release|Any CPU = Release|Any CPU
	EndGlobalSection
	GlobalSection(ProjectConfigurationPlatforms) = postSolution
		{813755D1-396D-445E-8D3D-115C1CFE99CF}.Debug|Any CPU.ActiveCfg = Debug|Any CPU
		{813755D1-396D-445E-8D3D-115C1CFE99CF}.Debug|Any CPU.Build.0 = Debug|Any CPU
		{813755D1-396D-445E-8D3D-115C1CFE99CF}.Release|Any CPU.ActiveCfg = Release|Any CPU
		{813755D1-396D-445E-8D3D-115C1CFE99CF}.Release|Any CPU.Build.0 = Release|Any CPU
	EndGlobalSection
	GlobalSection(SolutionProperties) = preSolution
		HideSolutionNode = FALSE
	EndGlobalSection
	GlobalSection(ExtensibilityGlobals) = postSolution
		SolutionGuid = {4B0C3200-59B4-4C53-8B5E-C8FF319273DD}
	EndGlobalSection
EndGlobal
