
Microsoft Visual Studio Solution File, Format Version 12.00
# Visual Studio Version 16
VisualStudioVersion = 16.0.29728.190
MinimumVisualStudioVersion = 10.0.40219.1
Project("{FAE04EC0-301F-11D3-BF4B-00C04F79EFBC}") = "POO_WF2", "POO_WF2\POO_WF2.csproj", "{3B731774-328C-4D99-844C-C6484459BCD7}"
EndProject
Global
	GlobalSection(SolutionConfigurationPlatforms) = preSolution
		Debug|Any CPU = Debug|Any CPU
		Release|Any CPU = Release|Any CPU
	EndGlobalSection
	GlobalSection(ProjectConfigurationPlatforms) = postSolution
		{3B731774-328C-4D99-844C-C6484459BCD7}.Debug|Any CPU.ActiveCfg = Debug|Any CPU
		{3B731774-328C-4D99-844C-C6484459BCD7}.Debug|Any CPU.Build.0 = Debug|Any CPU
		{3B731774-328C-4D99-844C-C6484459BCD7}.Release|Any CPU.ActiveCfg = Release|Any CPU
		{3B731774-328C-4D99-844C-C6484459BCD7}.Release|Any CPU.Build.0 = Release|Any CPU
	EndGlobalSection
	GlobalSection(SolutionProperties) = preSolution
		HideSolutionNode = FALSE
	EndGlobalSection
	GlobalSection(ExtensibilityGlobals) = postSolution
		SolutionGuid = {E813A716-1C7F-4CB0-BBD0-D7DD2EAAA2EF}
	EndGlobalSection
EndGlobal
